
Microsoft Visual Studio Solution File, Format Version 12.00
# Visual Studio 15
VisualStudioVersion = 15.0.27130.2026
MinimumVisualStudioVersion = 10.0.40219.1
Project("{FAE04EC0-301F-11D3-BF4B-00C04F79EFBC}") = "Day10", "Day10\Day10.csproj", "{DF0210D3-5845-486C-9A90-DA851B901F65}"
EndProject
Project("{FAE04EC0-301F-11D3-BF4B-00C04F79EFBC}") = "Day11", "Day11\Day11.csproj", "{11C913C6-1C4C-42A2-9551-F0A73FABEBAF}"
EndProject
Project("{FAE04EC0-301F-11D3-BF4B-00C04F79EFBC}") = "Day 12", "Day 12\Day 12.csproj", "{F4BAE7FD-61FC-41FB-8330-7B64B1A6F25E}"
EndProject
Project("{FAE04EC0-301F-11D3-BF4B-00C04F79EFBC}") = "Day13", "Day13\Day13.csproj", "{AA1A53C6-D582-437F-9F84-9DE643938594}"
EndProject
Project("{FAE04EC0-301F-11D3-BF4B-00C04F79EFBC}") = "Day14", "Day14\Day14.csproj", "{178DE908-EDAE-43FB-886C-B1425FE96BE8}"
EndProject
Project("{FAE04EC0-301F-11D3-BF4B-00C04F79EFBC}") = "Day15", "Day15\Day15.csproj", "{40212B1F-6214-41BE-BB9B-36D5DE6B2F5F}"
EndProject
Project("{FAE04EC0-301F-11D3-BF4B-00C04F79EFBC}") = "Day16", "Day16\Day16.csproj", "{143247BD-9E34-4AAC-B963-7ED7B1B60066}"
EndProject
Project("{FAE04EC0-301F-11D3-BF4B-00C04F79EFBC}") = "Day18", "Day18\Day18.csproj", "{3AF5BFC9-FBBF-4065-9407-CF5E13B78A1E}"
EndProject
Project("{FAE04EC0-301F-11D3-BF4B-00C04F79EFBC}") = "Day17", "Day17\Day17.csproj", "{089582FC-FC17-4CD1-8284-BEBD042F82B7}"
EndProject
Project("{FAE04EC0-301F-11D3-BF4B-00C04F79EFBC}") = "Day19", "Day19\Day19.csproj", "{6A1D18F8-25D5-4DD4-83C7-7B59E22E89B3}"
EndProject
Project("{FAE04EC0-301F-11D3-BF4B-00C04F79EFBC}") = "Day20", "Day20\Day20.csproj", "{C7DEBD6A-AAE3-44E9-89B5-BB9B26361190}"
EndProject
Project("{FAE04EC0-301F-11D3-BF4B-00C04F79EFBC}") = "Day21", "Day21\Day21.csproj", "{4EC08EBE-0DCD-43F5-A930-BAC2CEBFAC91}"
EndProject
Global
	GlobalSection(SolutionConfigurationPlatforms) = preSolution
		Debug|Any CPU = Debug|Any CPU
		Release|Any CPU = Release|Any CPU
	EndGlobalSection
	GlobalSection(ProjectConfigurationPlatforms) = postSolution
		{DF0210D3-5845-486C-9A90-DA851B901F65}.Debug|Any CPU.ActiveCfg = Debug|Any CPU
		{DF0210D3-5845-486C-9A90-DA851B901F65}.Debug|Any CPU.Build.0 = Debug|Any CPU
		{DF0210D3-5845-486C-9A90-DA851B901F65}.Release|Any CPU.ActiveCfg = Release|Any CPU
		{DF0210D3-5845-486C-9A90-DA851B901F65}.Release|Any CPU.Build.0 = Release|Any CPU
		{11C913C6-1C4C-42A2-9551-F0A73FABEBAF}.Debug|Any CPU.ActiveCfg = Debug|Any CPU
		{11C913C6-1C4C-42A2-9551-F0A73FABEBAF}.Debug|Any CPU.Build.0 = Debug|Any CPU
		{11C913C6-1C4C-42A2-9551-F0A73FABEBAF}.Release|Any CPU.ActiveCfg = Release|Any CPU
		{11C913C6-1C4C-42A2-9551-F0A73FABEBAF}.Release|Any CPU.Build.0 = Release|Any CPU
		{F4BAE7FD-61FC-41FB-8330-7B64B1A6F25E}.Debug|Any CPU.ActiveCfg = Debug|Any CPU
		{F4BAE7FD-61FC-41FB-8330-7B64B1A6F25E}.Debug|Any CPU.Build.0 = Debug|Any CPU
		{F4BAE7FD-61FC-41FB-8330-7B64B1A6F25E}.Release|Any CPU.ActiveCfg = Release|Any CPU
		{F4BAE7FD-61FC-41FB-8330-7B64B1A6F25E}.Release|Any CPU.Build.0 = Release|Any CPU
		{AA1A53C6-D582-437F-9F84-9DE643938594}.Debug|Any CPU.ActiveCfg = Debug|Any CPU
		{AA1A53C6-D582-437F-9F84-9DE643938594}.Debug|Any CPU.Build.0 = Debug|Any CPU
		{AA1A53C6-D582-437F-9F84-9DE643938594}.Release|Any CPU.ActiveCfg = Release|Any CPU
		{AA1A53C6-D582-437F-9F84-9DE643938594}.Release|Any CPU.Build.0 = Release|Any CPU
		{178DE908-EDAE-43FB-886C-B1425FE96BE8}.Debug|Any CPU.ActiveCfg = Debug|Any CPU
		{178DE908-EDAE-43FB-886C-B1425FE96BE8}.Debug|Any CPU.Build.0 = Debug|Any CPU
		{178DE908-EDAE-43FB-886C-B1425FE96BE8}.Release|Any CPU.ActiveCfg = Release|Any CPU
		{178DE908-EDAE-43FB-886C-B1425FE96BE8}.Release|Any CPU.Build.0 = Release|Any CPU
		{40212B1F-6214-41BE-BB9B-36D5DE6B2F5F}.Debug|Any CPU.ActiveCfg = Debug|Any CPU
		{40212B1F-6214-41BE-BB9B-36D5DE6B2F5F}.Debug|Any CPU.Build.0 = Debug|Any CPU
		{40212B1F-6214-41BE-BB9B-36D5DE6B2F5F}.Release|Any CPU.ActiveCfg = Release|Any CPU
		{40212B1F-6214-41BE-BB9B-36D5DE6B2F5F}.Release|Any CPU.Build.0 = Release|Any CPU
		{143247BD-9E34-4AAC-B963-7ED7B1B60066}.Debug|Any CPU.ActiveCfg = Debug|Any CPU
		{143247BD-9E34-4AAC-B963-7ED7B1B60066}.Debug|Any CPU.Build.0 = Debug|Any CPU
		{143247BD-9E34-4AAC-B963-7ED7B1B60066}.Release|Any CPU.ActiveCfg = Release|Any CPU
		{143247BD-9E34-4AAC-B963-7ED7B1B60066}.Release|Any CPU.Build.0 = Release|Any CPU
		{3AF5BFC9-FBBF-4065-9407-CF5E13B78A1E}.Debug|Any CPU.ActiveCfg = Debug|Any CPU
		{3AF5BFC9-FBBF-4065-9407-CF5E13B78A1E}.Debug|Any CPU.Build.0 = Debug|Any CPU
		{3AF5BFC9-FBBF-4065-9407-CF5E13B78A1E}.Release|Any CPU.ActiveCfg = Release|Any CPU
		{3AF5BFC9-FBBF-4065-9407-CF5E13B78A1E}.Release|Any CPU.Build.0 = Release|Any CPU
		{089582FC-FC17-4CD1-8284-BEBD042F82B7}.Debug|Any CPU.ActiveCfg = Debug|Any CPU
		{089582FC-FC17-4CD1-8284-BEBD042F82B7}.Debug|Any CPU.Build.0 = Debug|Any CPU
		{089582FC-FC17-4CD1-8284-BEBD042F82B7}.Release|Any CPU.ActiveCfg = Release|Any CPU
		{089582FC-FC17-4CD1-8284-BEBD042F82B7}.Release|Any CPU.Build.0 = Release|Any CPU
		{6A1D18F8-25D5-4DD4-83C7-7B59E22E89B3}.Debug|Any CPU.ActiveCfg = Debug|Any CPU
		{6A1D18F8-25D5-4DD4-83C7-7B59E22E89B3}.Debug|Any CPU.Build.0 = Debug|Any CPU
		{6A1D18F8-25D5-4DD4-83C7-7B59E22E89B3}.Release|Any CPU.ActiveCfg = Release|Any CPU
		{6A1D18F8-25D5-4DD4-83C7-7B59E22E89B3}.Release|Any CPU.Build.0 = Release|Any CPU
		{C7DEBD6A-AAE3-44E9-89B5-BB9B26361190}.Debug|Any CPU.ActiveCfg = Debug|Any CPU
		{C7DEBD6A-AAE3-44E9-89B5-BB9B26361190}.Debug|Any CPU.Build.0 = Debug|Any CPU
		{C7DEBD6A-AAE3-44E9-89B5-BB9B26361190}.Release|Any CPU.ActiveCfg = Release|Any CPU
		{C7DEBD6A-AAE3-44E9-89B5-BB9B26361190}.Release|Any CPU.Build.0 = Release|Any CPU
		{4EC08EBE-0DCD-43F5-A930-BAC2CEBFAC91}.Debug|Any CPU.ActiveCfg = Debug|Any CPU
		{4EC08EBE-0DCD-43F5-A930-BAC2CEBFAC91}.Debug|Any CPU.Build.0 = Debug|Any CPU
		{4EC08EBE-0DCD-43F5-A930-BAC2CEBFAC91}.Release|Any CPU.ActiveCfg = Release|Any CPU
		{4EC08EBE-0DCD-43F5-A930-BAC2CEBFAC91}.Release|Any CPU.Build.0 = Release|Any CPU
	EndGlobalSection
	GlobalSection(SolutionProperties) = preSolution
		HideSolutionNode = FALSE
	EndGlobalSection
	GlobalSection(ExtensibilityGlobals) = postSolution
		SolutionGuid = {F0385F75-8653-4F63-A762-C9E634EB5D63}
	EndGlobalSection
EndGlobal
